// !$*UTF8*$!
{
	archiveVersion = 1;
	classes = {
	};
	objectVersion = 77;
	objects = {

/* Begin PBXBuildFile section */
		9D1D9C502DF083E5002C437D /* FirebaseCore in Frameworks */ = {isa = PBXBuildFile; productRef = 9D1D9C4F2DF083E5002C437D /* FirebaseCore */; };
		9D1D9C522DF083E5002C437D /* FirebaseDatabase in Frameworks */ = {isa = PBXBuildFile; productRef = 9D1D9C512DF083E5002C437D /* FirebaseDatabase */; };
		9D1D9C542DF083E5002C437D /* FirebaseFirestore in Frameworks */ = {isa = PBXBuildFile; productRef = 9D1D9C532DF083E5002C437D /* FirebaseFirestore */; };
		9D1D9C592DF0A467002C437D /* FirebaseAuth in Frameworks */ = {isa = PBXBuildFile; productRef = 9D1D9C582DF0A467002C437D /* FirebaseAuth */; };
/* End PBXBuildFile section */

/* Begin PBXContainerItemProxy section */
		9D1D9C112DF05A55002C437D /* PBXContainerItemProxy */ = {
			isa = PBXContainerItemProxy;
			containerPortal = 9D1D9BFB2DF05A52002C437D /* Project object */;
			proxyType = 1;
			remoteGlobalIDString = 9D1D9C022DF05A52002C437D;
			remoteInfo = Todo;
		};
		9D1D9C1B2DF05A55002C437D /* PBXContainerItemProxy */ = {
			isa = PBXContainerItemProxy;
			containerPortal = 9D1D9BFB2DF05A52002C437D /* Project object */;
			proxyType = 1;
			remoteGlobalIDString = 9D1D9C022DF05A52002C437D;
			remoteInfo = Todo;
		};
/* End PBXContainerItemProxy section */

/* Begin PBXFileReference section */
		9D1D9C032DF05A52002C437D /* Todo.app */ = {isa = PBXFileReference; explicitFileType = wrapper.application; includeInIndex = 0; path = Todo.app; sourceTree = BUILT_PRODUCTS_DIR; };
		9D1D9C102DF05A55002C437D /* TodoTests_.xctest */ = {isa = PBXFileReference; explicitFileType = wrapper.cfbundle; includeInIndex = 0; path = TodoTests_.xctest; sourceTree = BUILT_PRODUCTS_DIR; };
		9D1D9C1A2DF05A55002C437D /* TodoUITests.xctest */ = {isa = PBXFileReference; explicitFileType = wrapper.cfbundle; includeInIndex = 0; path = TodoUITests.xctest; sourceTree = BUILT_PRODUCTS_DIR; };
/* End PBXFileReference section */

/* Begin PBXFileSystemSynchronizedRootGroup section */
		9D1D9C052DF05A52002C437D /* Todo */ = {
			isa = PBXFileSystemSynchronizedRootGroup;
			path = Todo;
			sourceTree = "<group>";
		};
		9D1D9C132DF05A55002C437D /* TodoTests */ = {
			isa = PBXFileSystemSynchronizedRootGroup;
			path = TodoTests;
			sourceTree = "<group>";
		};
		9D1D9C1D2DF05A55002C437D /* TodoUITests */ = {
			isa = PBXFileSystemSynchronizedRootGroup;
			path = TodoUITests;
			sourceTree = "<group>";
		};
/* End PBXFileSystemSynchronizedRootGroup section */

/* Begin PBXFrameworksBuildPhase section */
		9D1D9C002DF05A52002C437D /* Frameworks */ = {
			isa = PBXFrameworksBuildPhase;
			buildActionMask = 2147483647;
			files = (
				9D1D9C522DF083E5002C437D /* FirebaseDatabase in Frameworks */,
				9D1D9C502DF083E5002C437D /* FirebaseCore in Frameworks */,
				9D1D9C542DF083E5002C437D /* FirebaseFirestore in Frameworks */,
				9D1D9C592DF0A467002C437D /* FirebaseAuth in Frameworks */,
			);
			runOnlyForDeploymentPostprocessing = 0;
		};
		9D1D9C0D2DF05A55002C437D /* Frameworks */ = {
			isa = PBXFrameworksBuildPhase;
			buildActionMask = 2147483647;
			files = (
			);
			runOnlyForDeploymentPostprocessing = 0;
		};
		9D1D9C172DF05A55002C437D /* Frameworks */ = {
			isa = PBXFrameworksBuildPhase;
			buildActionMask = 2147483647;
			files = (
			);
			runOnlyForDeploymentPostprocessing = 0;
		};
/* End PBXFrameworksBuildPhase section */

/* Begin PBXGroup section */
		9D1D9BFA2DF05A52002C437D = {
			isa = PBXGroup;
			children = (
				9D1D9C052DF05A52002C437D /* Todo */,
				9D1D9C132DF05A55002C437D /* TodoTests */,
				9D1D9C1D2DF05A55002C437D /* TodoUITests */,
				9D1D9C042DF05A52002C437D /* Products */,
			);
			sourceTree = "<group>";
		};
		9D1D9C042DF05A52002C437D /* Products */ = {
			isa = PBXGroup;
			children = (
				9D1D9C032DF05A52002C437D /* Todo.app */,
				9D1D9C102DF05A55002C437D /* TodoTests_.xctest */,
				9D1D9C1A2DF05A55002C437D /* TodoUITests.xctest */,
			);
			name = Products;
			sourceTree = "<group>";
		};
/* End PBXGroup section */

/* Begin PBXNativeTarget section */
		9D1D9C022DF05A52002C437D /* Todo */ = {
			isa = PBXNativeTarget;
			buildConfigurationList = 9D1D9C242DF05A55002C437D /* Build configuration list for PBXNativeTarget "Todo" */;
			buildPhases = (
				9D1D9BFF2DF05A52002C437D /* Sources */,
				9D1D9C002DF05A52002C437D /* Frameworks */,
				9D1D9C012DF05A52002C437D /* Resources */,
			);
			buildRules = (
			);
			dependencies = (
			);
			fileSystemSynchronizedGroups = (
				9D1D9C052DF05A52002C437D /* Todo */,
			);
			name = Todo;
			packageProductDependencies = (
				9D1D9C4F2DF083E5002C437D /* FirebaseCore */,
				9D1D9C512DF083E5002C437D /* FirebaseDatabase */,
				9D1D9C532DF083E5002C437D /* FirebaseFirestore */,
				9D1D9C582DF0A467002C437D /* FirebaseAuth */,
			);
			productName = Todo;
			productReference = 9D1D9C032DF05A52002C437D /* Todo.app */;
			productType = "com.apple.product-type.application";
		};
		9D1D9C0F2DF05A55002C437D /* TodoTests_ */ = {
			isa = PBXNativeTarget;
			buildConfigurationList = 9D1D9C272DF05A55002C437D /* Build configuration list for PBXNativeTarget "TodoTests_" */;
			buildPhases = (
				9D1D9C0C2DF05A55002C437D /* Sources */,
				9D1D9C0D2DF05A55002C437D /* Frameworks */,
				9D1D9C0E2DF05A55002C437D /* Resources */,
			);
			buildRules = (
			);
			dependencies = (
				9D1D9C122DF05A55002C437D /* PBXTargetDependency */,
			);
			fileSystemSynchronizedGroups = (
				9D1D9C132DF05A55002C437D /* TodoTests */,
			);
			name = TodoTests_;
			packageProductDependencies = (
			);
			productName = TodoTests;
			productReference = 9D1D9C102DF05A55002C437D /* TodoTests_.xctest */;
			productType = "com.apple.product-type.bundle.unit-test";
		};
		9D1D9C192DF05A55002C437D /* TodoUITests */ = {
			isa = PBXNativeTarget;
			buildConfigurationList = 9D1D9C2A2DF05A55002C437D /* Build configuration list for PBXNativeTarget "TodoUITests" */;
			buildPhases = (
				9D1D9C162DF05A55002C437D /* Sources */,
				9D1D9C172DF05A55002C437D /* Frameworks */,
				9D1D9C182DF05A55002C437D /* Resources */,
			);
			buildRules = (
			);
			dependencies = (
				9D1D9C1C2DF05A55002C437D /* PBXTargetDependency */,
			);
			fileSystemSynchronizedGroups = (
				9D1D9C1D2DF05A55002C437D /* TodoUITests */,
			);
			name = TodoUITests;
			packageProductDependencies = (
			);
			productName = TodoUITests;
			productReference = 9D1D9C1A2DF05A55002C437D /* TodoUITests.xctest */;
			productType = "com.apple.product-type.bundle.ui-testing";
		};
/* End PBXNativeTarget section */

/* Begin PBXProject section */
		9D1D9BFB2DF05A52002C437D /* Project object */ = {
			isa = PBXProject;
			attributes = {
				BuildIndependentTargetsInParallel = 1;
				LastSwiftUpdateCheck = 1630;
				LastUpgradeCheck = 1630;
				TargetAttributes = {
					9D1D9C022DF05A52002C437D = {
						CreatedOnToolsVersion = 16.3;
					};
					9D1D9C0F2DF05A55002C437D = {
						CreatedOnToolsVersion = 16.3;
						TestTargetID = 9D1D9C022DF05A52002C437D;
					};
					9D1D9C192DF05A55002C437D = {
						CreatedOnToolsVersion = 16.3;
						TestTargetID = 9D1D9C022DF05A52002C437D;
					};
				};
			};
			buildConfigurationList = 9D1D9BFE2DF05A52002C437D /* Build configuration list for PBXProject "Todo" */;
			developmentRegion = en;
			hasScannedForEncodings = 0;
			knownRegions = (
				en,
				Base,
			);
			mainGroup = 9D1D9BFA2DF05A52002C437D;
			minimizedProjectReferenceProxies = 1;
			packageReferences = (
				9D1D9C4E2DF083E5002C437D /* XCRemoteSwiftPackageReference "firebase-ios-sdk" */,
			);
			preferredProjectObjectVersion = 77;
			productRefGroup = 9D1D9C042DF05A52002C437D /* Products */;
			projectDirPath = "";
			projectRoot = "";
			targets = (
				9D1D9C022DF05A52002C437D /* Todo */,
				9D1D9C0F2DF05A55002C437D /* TodoTests_ */,
				9D1D9C192DF05A55002C437D /* TodoUITests */,
			);
		};
/* End PBXProject section */

/* Begin PBXResourcesBuildPhase section */
		9D1D9C012DF05A52002C437D /* Resources */ = {
			isa = PBXResourcesBuildPhase;
			buildActionMask = 2147483647;
			files = (
			);
			runOnlyForDeploymentPostprocessing = 0;
		};
		9D1D9C0E2DF05A55002C437D /* Resources */ = {
			isa = PBXResourcesBuildPhase;
			buildActionMask = 2147483647;
			files = (
			);
			runOnlyForDeploymentPostprocessing = 0;
		};
		9D1D9C182DF05A55002C437D /* Resources */ = {
			isa = PBXResourcesBuildPhase;
			buildActionMask = 2147483647;
			files = (
			);
			runOnlyForDeploymentPostprocessing = 0;
		};
/* End PBXResourcesBuildPhase section */

/* Begin PBXSourcesBuildPhase section */
		9D1D9BFF2DF05A52002C437D /* Sources */ = {
			isa = PBXSourcesBuildPhase;
			buildActionMask = 2147483647;
			files = (
			);
			runOnlyForDeploymentPostprocessing = 0;
		};
		9D1D9C0C2DF05A55002C437D /* Sources */ = {
			isa = PBXSourcesBuildPhase;
			buildActionMask = 2147483647;
			files = (
			);
			runOnlyForDeploymentPostprocessing = 0;
		};
		9D1D9C162DF05A55002C437D /* Sources */ = {
			isa = PBXSourcesBuildPhase;
			buildActionMask = 2147483647;
			files = (
			);
			runOnlyForDeploymentPostprocessing = 0;
		};
/* End PBXSourcesBuildPhase section */

/* Begin PBXTargetDependency section */
		9D1D9C122DF05A55002C437D /* PBXTargetDependency */ = {
			isa = PBXTargetDependency;
			target = 9D1D9C022DF05A52002C437D /* Todo */;
			targetProxy = 9D1D9C112DF05A55002C437D /* PBXContainerItemProxy */;
		};
		9D1D9C1C2DF05A55002C437D /* PBXTargetDependency */ = {
			isa = PBXTargetDependency;
			target = 9D1D9C022DF05A52002C437D /* Todo */;
			targetProxy = 9D1D9C1B2DF05A55002C437D /* PBXContainerItemProxy */;
		};
/* End PBXTargetDependency section */

/* Begin XCBuildConfiguration section */
		9D1D9C222DF05A55002C437D /* Debug */ = {
			isa = XCBuildConfiguration;
			buildSettings = {
				ALWAYS_SEARCH_USER_PATHS = NO;
				ASSETCATALOG_COMPILER_GENERATE_SWIFT_ASSET_SYMBOL_EXTENSIONS = YES;
				CLANG_ANALYZER_NONNULL = YES;
				CLANG_ANALYZER_NUMBER_OBJECT_CONVERSION = YES_AGGRESSIVE;
				CLANG_CXX_LANGUAGE_STANDARD = "gnu++20";
				CLANG_ENABLE_MODULES = YES;
				CLANG_ENABLE_OBJC_ARC = YES;
				CLANG_ENABLE_OBJC_WEAK = YES;
				CLANG_WARN_BLOCK_CAPTURE_AUTORELEASING = YES;
				CLANG_WARN_BOOL_CONVERSION = YES;
				CLANG_WARN_COMMA = YES;
				CLANG_WARN_CONSTANT_CONVERSION = YES;
				CLANG_WARN_DEPRECATED_OBJC_IMPLEMENTATIONS = YES;
				CLANG_WARN_DIRECT_OBJC_ISA_USAGE = YES_ERROR;
				CLANG_WARN_DOCUMENTATION_COMMENTS = YES;
				CLANG_WARN_EMPTY_BODY = YES;
				CLANG_WARN_ENUM_CONVERSION = YES;
				CLANG_WARN_INFINITE_RECURSION = YES;
				CLANG_WARN_INT_CONVERSION = YES;
				CLANG_WARN_NON_LITERAL_NULL_CONVERSION = YES;
				CLANG_WARN_OBJC_IMPLICIT_RETAIN_SELF = YES;
				CLANG_WARN_OBJC_LITERAL_CONVERSION = YES;
				CLANG_WARN_OBJC_ROOT_CLASS = YES_ERROR;
				CLANG_WARN_QUOTED_INCLUDE_IN_FRAMEWORK_HEADER = YES;
				CLANG_WARN_RANGE_LOOP_ANALYSIS = YES;
				CLANG_WARN_STRICT_PROTOTYPES = YES;
				CLANG_WARN_SUSPICIOUS_MOVE = YES;
				CLANG_WARN_UNGUARDED_AVAILABILITY = YES_AGGRESSIVE;
				CLANG_WARN_UNREACHABLE_CODE = YES;
				CLANG_WARN__DUPLICATE_METHOD_MATCH = YES;
				COPY_PHASE_STRIP = NO;
				DEBUG_INFORMATION_FORMAT = dwarf;
				ENABLE_STRICT_OBJC_MSGSEND = YES;
				ENABLE_TESTABILITY = YES;
				ENABLE_USER_SCRIPT_SANDBOXING = YES;
				GCC_C_LANGUAGE_STANDARD = gnu17;
				GCC_DYNAMIC_NO_PIC = NO;
				GCC_NO_COMMON_BLOCKS = YES;
				GCC_OPTIMIZATION_LEVEL = 0;
				GCC_PREPROCESSOR_DEFINITIONS = (
					"DEBUG=1",
					"$(inherited)",
				);
				GCC_WARN_64_TO_32_BIT_CONVERSION = YES;
				GCC_WARN_ABOUT_RETURN_TYPE = YES_ERROR;
				GCC_WARN_UNDECLARED_SELECTOR = YES;
				GCC_WARN_UNINITIALIZED_AUTOS = YES_AGGRESSIVE;
				GCC_WARN_UNUSED_FUNCTION = YES;
				GCC_WARN_UNUSED_VARIABLE = YES;
				IPHONEOS_DEPLOYMENT_TARGET = 18.4;
				LOCALIZATION_PREFERS_STRING_CATALOGS = YES;
				MTL_ENABLE_DEBUG_INFO = INCLUDE_SOURCE;
				MTL_FAST_MATH = YES;
				ONLY_ACTIVE_ARCH = YES;
				SDKROOT = iphoneos;
				SWIFT_ACTIVE_COMPILATION_CONDITIONS = "DEBUG $(inherited)";
				SWIFT_EMIT_LOC_STRINGS = YES;
				SWIFT_OPTIMIZATION_LEVEL = "-Onone";
			};
			name = Debug;
		};
		9D1D9C232DF05A55002C437D /* Release */ = {
			isa = XCBuildConfiguration;
			buildSettings = {
				ALWAYS_SEARCH_USER_PATHS = NO;
				ASSETCATALOG_COMPILER_GENERATE_SWIFT_ASSET_SYMBOL_EXTENSIONS = YES;
				CLANG_ANALYZER_NONNULL = YES;
				CLANG_ANALYZER_NUMBER_OBJECT_CONVERSION = YES_AGGRESSIVE;
				CLANG_CXX_LANGUAGE_STANDARD = "gnu++20";
				CLANG_ENABLE_MODULES = YES;
				CLANG_ENABLE_OBJC_ARC = YES;
				CLANG_ENABLE_OBJC_WEAK = YES;
				CLANG_WARN_BLOCK_CAPTURE_AUTORELEASING = YES;
				CLANG_WARN_BOOL_CONVERSION = YES;
				CLANG_WARN_COMMA = YES;
				CLANG_WARN_CONSTANT_CONVERSION = YES;
				CLANG_WARN_DEPRECATED_OBJC_IMPLEMENTATIONS = YES;
				CLANG_WARN_DIRECT_OBJC_ISA_USAGE = YES_ERROR;
				CLANG_WARN_DOCUMENTATION_COMMENTS = YES;
				CLANG_WARN_EMPTY_BODY = YES;
				CLANG_WARN_ENUM_CONVERSION = YES;
				CLANG_WARN_INFINITE_RECURSION = YES;
				CLANG_WARN_INT_CONVERSION = YES;
				CLANG_WARN_NON_LITERAL_NULL_CONVERSION = YES;
				CLANG_WARN_OBJC_IMPLICIT_RETAIN_SELF = YES;
				CLANG_WARN_OBJC_LITERAL_CONVERSION = YES;
				CLANG_WARN_OBJC_ROOT_CLASS = YES_ERROR;
				CLANG_WARN_QUOTED_INCLUDE_IN_FRAMEWORK_HEADER = YES;
				CLANG_WARN_RANGE_LOOP_ANALYSIS = YES;
				CLANG_WARN_STRICT_PROTOTYPES = YES;
				CLANG_WARN_SUSPICIOUS_MOVE = YES;
				CLANG_WARN_UNGUARDED_AVAILABILITY = YES_AGGRESSIVE;
				CLANG_WARN_UNREACHABLE_CODE = YES;
				CLANG_WARN__DUPLICATE_METHOD_MATCH = YES;
				COPY_PHASE_STRIP = NO;
				DEBUG_INFORMATION_FORMAT = "dwarf-with-dsym";
				ENABLE_NS_ASSERTIONS = NO;
				ENABLE_STRICT_OBJC_MSGSEND = YES;
				ENABLE_USER_SCRIPT_SANDBOXING = YES;
				GCC_C_LANGUAGE_STANDARD = gnu17;
				GCC_NO_COMMON_BLOCKS = YES;
				GCC_WARN_64_TO_32_BIT_CONVERSION = YES;
				GCC_WARN_ABOUT_RETURN_TYPE = YES_ERROR;
				GCC_WARN_UNDECLARED_SELECTOR = YES;
				GCC_WARN_UNINITIALIZED_AUTOS = YES_AGGRESSIVE;
				GCC_WARN_UNUSED_FUNCTION = YES;
				GCC_WARN_UNUSED_VARIABLE = YES;
				IPHONEOS_DEPLOYMENT_TARGET = 18.4;
				LOCALIZATION_PREFERS_STRING_CATALOGS = YES;
				MTL_ENABLE_DEBUG_INFO = NO;
				MTL_FAST_MATH = YES;
				SDKROOT = iphoneos;
				SWIFT_COMPILATION_MODE = wholemodule;
				SWIFT_EMIT_LOC_STRINGS = YES;
				VALIDATE_PRODUCT = YES;
			};
			name = Release;
		};
		9D1D9C252DF05A55002C437D /* Debug */ = {
			isa = XCBuildConfiguration;
			buildSettings = {
				ASSETCATALOG_COMPILER_APPICON_NAME = AppIcon;
				ASSETCATALOG_COMPILER_GLOBAL_ACCENT_COLOR_NAME = AccentColor;
				CODE_SIGN_ENTITLEMENTS = Todo/Todo.entitlements;
				CODE_SIGN_STYLE = Manual;
				CURRENT_PROJECT_VERSION = 1;
				DEVELOPMENT_TEAM = "";
				ENABLE_PREVIEWS = YES;
				GENERATE_INFOPLIST_FILE = YES;
				INFOPLIST_KEY_UIApplicationSceneManifest_Generation = YES;
				INFOPLIST_KEY_UIApplicationSupportsIndirectInputEvents = YES;
				INFOPLIST_KEY_UILaunchScreen_Generation = YES;
				INFOPLIST_KEY_UISupportedInterfaceOrientations_iPad = "UIInterfaceOrientationPortrait UIInterfaceOrientationPortraitUpsideDown UIInterfaceOrientationLandscapeLeft UIInterfaceOrientationLandscapeRight";
				INFOPLIST_KEY_UISupportedInterfaceOrientations_iPhone = "UIInterfaceOrientationPortrait UIInterfaceOrientationLandscapeLeft UIInterfaceOrientationLandscapeRight";
				LD_RUNPATH_SEARCH_PATHS = (
					"$(inherited)",
					"@executable_path/Frameworks",
				);
				MARKETING_VERSION = 1.0;
				PRODUCT_BUNDLE_IDENTIFIER = com.illia.suvorov.Todo;
				PRODUCT_NAME = "$(TARGET_NAME)";
				PROVISIONING_PROFILE_SPECIFIER = "";
				SWIFT_EMIT_LOC_STRINGS = YES;
				SWIFT_VERSION = 5.0;
				TARGETED_DEVICE_FAMILY = "1,2";
			};
			name = Debug;
		};
		9D1D9C262DF05A55002C437D /* Release */ = {
			isa = XCBuildConfiguration;
			buildSettings = {
				ASSETCATALOG_COMPILER_APPICON_NAME = AppIcon;
				ASSETCATALOG_COMPILER_GLOBAL_ACCENT_COLOR_NAME = AccentColor;
				CODE_SIGN_ENTITLEMENTS = Todo/Todo.entitlements;
				CODE_SIGN_STYLE = Manual;
				CURRENT_PROJECT_VERSION = 1;
				DEVELOPMENT_TEAM = "";
				ENABLE_PREVIEWS = YES;
				GENERATE_INFOPLIST_FILE = YES;
				INFOPLIST_KEY_UIApplicationSceneManifest_Generation = YES;
				INFOPLIST_KEY_UIApplicationSupportsIndirectInputEvents = YES;
				INFOPLIST_KEY_UILaunchScreen_Generation = YES;
				INFOPLIST_KEY_UISupportedInterfaceOrientations_iPad = "UIInterfaceOrientationPortrait UIInterfaceOrientationPortraitUpsideDown UIInterfaceOrientationLandscapeLeft UIInterfaceOrientationLandscapeRight";
				INFOPLIST_KEY_UISupportedInterfaceOrientations_iPhone = "UIInterfaceOrientationPortrait UIInterfaceOrientationLandscapeLeft UIInterfaceOrientationLandscapeRight";
				LD_RUNPATH_SEARCH_PATHS = (
					"$(inherited)",
					"@executable_path/Frameworks",
				);
				MARKETING_VERSION = 1.0;
				PRODUCT_BUNDLE_IDENTIFIER = com.illia.suvorov.Todo;
				PRODUCT_NAME = "$(TARGET_NAME)";
				PROVISIONING_PROFILE_SPECIFIER = "";
				SWIFT_EMIT_LOC_STRINGS = YES;
				SWIFT_VERSION = 5.0;
				TARGETED_DEVICE_FAMILY = "1,2";
			};
			name = Release;
		};
		9D1D9C282DF05A55002C437D /* Debug */ = {
			isa = XCBuildConfiguration;
			buildSettings = {
				BUNDLE_LOADER = "$(TEST_HOST)";
				CODE_SIGN_STYLE = Automatic;
				CURRENT_PROJECT_VERSION = 1;
				GENERATE_INFOPLIST_FILE = YES;
				IPHONEOS_DEPLOYMENT_TARGET = 18.4;
				MARKETING_VERSION = 1.0;
				PRODUCT_BUNDLE_IDENTIFIER = com.illia.suvorov.TodoTests;
				PRODUCT_NAME = "$(TARGET_NAME)";
				SWIFT_EMIT_LOC_STRINGS = NO;
				SWIFT_VERSION = 5.0;
				TARGETED_DEVICE_FAMILY = "1,2";
				TEST_HOST = "$(BUILT_PRODUCTS_DIR)/Todo.app/$(BUNDLE_EXECUTABLE_FOLDER_PATH)/Todo";
			};
			name = Debug;
		};
		9D1D9C292DF05A55002C437D /* Release */ = {
			isa = XCBuildConfiguration;
			buildSettings = {
				BUNDLE_LOADER = "$(TEST_HOST)";
				CODE_SIGN_STYLE = Automatic;
				CURRENT_PROJECT_VERSION = 1;
				GENERATE_INFOPLIST_FILE = YES;
				IPHONEOS_DEPLOYMENT_TARGET = 18.4;
				MARKETING_VERSION = 1.0;
				PRODUCT_BUNDLE_IDENTIFIER = com.illia.suvorov.TodoTests;
				PRODUCT_NAME = "$(TARGET_NAME)";
				SWIFT_EMIT_LOC_STRINGS = NO;
				SWIFT_VERSION = 5.0;
				TARGETED_DEVICE_FAMILY = "1,2";
				TEST_HOST = "$(BUILT_PRODUCTS_DIR)/Todo.app/$(BUNDLE_EXECUTABLE_FOLDER_PATH)/Todo";
			};
			name = Release;
		};
		9D1D9C2B2DF05A55002C437D /* Debug */ = {
			isa = XCBuildConfiguration;
			buildSettings = {
				CODE_SIGN_STYLE = Automatic;
				CURRENT_PROJECT_VERSION = 1;
				GENERATE_INFOPLIST_FILE = YES;
				MARKETING_VERSION = 1.0;
				PRODUCT_BUNDLE_IDENTIFIER = com.illia.suvorov.TodoUITests;
				PRODUCT_NAME = "$(TARGET_NAME)";
				SWIFT_EMIT_LOC_STRINGS = NO;
				SWIFT_VERSION = 5.0;
				TARGETED_DEVICE_FAMILY = "1,2";
				TEST_TARGET_NAME = Todo;
			};
			name = Debug;
		};
		9D1D9C2C2DF05A55002C437D /* Release */ = {
			isa = XCBuildConfiguration;
			buildSettings = {
				CODE_SIGN_STYLE = Automatic;
				CURRENT_PROJECT_VERSION = 1;
				GENERATE_INFOPLIST_FILE = YES;
				MARKETING_VERSION = 1.0;
				PRODUCT_BUNDLE_IDENTIFIER = com.illia.suvorov.TodoUITests;
				PRODUCT_NAME = "$(TARGET_NAME)";
				SWIFT_EMIT_LOC_STRINGS = NO;
				SWIFT_VERSION = 5.0;
				TARGETED_DEVICE_FAMILY = "1,2";
				TEST_TARGET_NAME = Todo;
			};
			name = Release;
		};
/* End XCBuildConfiguration section */

/* Begin XCConfigurationList section */
		9D1D9BFE2DF05A52002C437D /* Build configuration list for PBXProject "Todo" */ = {
			isa = XCConfigurationList;
			buildConfigurations = (
				9D1D9C222DF05A55002C437D /* Debug */,
				9D1D9C232DF05A55002C437D /* Release */,
			);
			defaultConfigurationIsVisible = 0;
			defaultConfigurationName = Release;
		};
		9D1D9C242DF05A55002C437D /* Build configuration list for PBXNativeTarget "Todo" */ = {
			isa = XCConfigurationList;
			buildConfigurations = (
				9D1D9C252DF05A55002C437D /* Debug */,
				9D1D9C262DF05A55002C437D /* Release */,
			);
			defaultConfigurationIsVisible = 0;
			defaultConfigurationName = Release;
		};
		9D1D9C272DF05A55002C437D /* Build configuration list for PBXNativeTarget "TodoTests_" */ = {
			isa = XCConfigurationList;
			buildConfigurations = (
				9D1D9C282DF05A55002C437D /* Debug */,
				9D1D9C292DF05A55002C437D /* Release */,
			);
			defaultConfigurationIsVisible = 0;
			defaultConfigurationName = Release;
		};
		9D1D9C2A2DF05A55002C437D /* Build configuration list for PBXNativeTarget "TodoUITests" */ = {
			isa = XCConfigurationList;
			buildConfigurations = (
				9D1D9C2B2DF05A55002C437D /* Debug */,
				9D1D9C2C2DF05A55002C437D /* Release */,
			);
			defaultConfigurationIsVisible = 0;
			defaultConfigurationName = Release;
		};
/* End XCConfigurationList section */

/* Begin XCRemoteSwiftPackageReference section */
		9D1D9C4E2DF083E5002C437D /* XCRemoteSwiftPackageReference "firebase-ios-sdk" */ = {
			isa = XCRemoteSwiftPackageReference;
			repositoryURL = "https://github.com/firebase/firebase-ios-sdk";
			requirement = {
				kind = upToNextMajorVersion;
				minimumVersion = 11.14.0;
			};
		};
/* End XCRemoteSwiftPackageReference section */

/* Begin XCSwiftPackageProductDependency section */
		9D1D9C4F2DF083E5002C437D /* FirebaseCore */ = {
			isa = XCSwiftPackageProductDependency;
			package = 9D1D9C4E2DF083E5002C437D /* XCRemoteSwiftPackageReference "firebase-ios-sdk" */;
			productName = FirebaseCore;
		};
		9D1D9C512DF083E5002C437D /* FirebaseDatabase */ = {
			isa = XCSwiftPackageProductDependency;
			package = 9D1D9C4E2DF083E5002C437D /* XCRemoteSwiftPackageReference "firebase-ios-sdk" */;
			productName = FirebaseDatabase;
		};
		9D1D9C532DF083E5002C437D /* FirebaseFirestore */ = {
			isa = XCSwiftPackageProductDependency;
			package = 9D1D9C4E2DF083E5002C437D /* XCRemoteSwiftPackageReference "firebase-ios-sdk" */;
			productName = FirebaseFirestore;
		};
		9D1D9C582DF0A467002C437D /* FirebaseAuth */ = {
			isa = XCSwiftPackageProductDependency;
			package = 9D1D9C4E2DF083E5002C437D /* XCRemoteSwiftPackageReference "firebase-ios-sdk" */;
			productName = FirebaseAuth;
		};
/* End XCSwiftPackageProductDependency section */
	};
	rootObject = 9D1D9BFB2DF05A52002C437D /* Project object */;
}
